// !$*UTF8*$!
{
	archiveVersion = 1;
	classes = {
	};
	objectVersion = 46;
	objects = {

/* Begin PBXBuildFile section */
		E913D0BB1C001DD700725EDE /* StepsGraphViewController.m in Sources */ = {isa = PBXBuildFile; fileRef = E913D0BA1C001DD700725EDE /* StepsGraphViewController.m */; };
		E913D0BE1C0BF4FB00725EDE /* MultiGraphViewController.m in Sources */ = {isa = PBXBuildFile; fileRef = E913D0BD1C0BF4FB00725EDE /* MultiGraphViewController.m */; };
		E92E4FD11BB5B74F0063D774 /* ChooseViewViewController.m in Sources */ = {isa = PBXBuildFile; fileRef = E92E4FD01BB5B74F0063D774 /* ChooseViewViewController.m */; };
		E941B0C81BF192A500FA91F5 /* WeighEntryTypeTableViewController.m in Sources */ = {isa = PBXBuildFile; fileRef = E941B0C71BF192A500FA91F5 /* WeighEntryTypeTableViewController.m */; };
		E941B0CD1BF19A1200FA91F5 /* LoginWebViewController.m in Sources */ = {isa = PBXBuildFile; fileRef = E941B0CC1BF19A1200FA91F5 /* LoginWebViewController.m */; };
		E941B0D01BF19D9600FA91F5 /* WithingsWeightTableViewController.m in Sources */ = {isa = PBXBuildFile; fileRef = E941B0CF1BF19D9600FA91F5 /* WithingsWeightTableViewController.m */; };
		E941B0E41BF1A64000FA91F5 /* Security.framework in Frameworks */ = {isa = PBXBuildFile; fileRef = E941B0E31BF1A64000FA91F5 /* Security.framework */; };
		E941B0EC1BF1B5C900FA91F5 /* Base64Transcoder.c in Sources */ = {isa = PBXBuildFile; fileRef = E941B0EA1BF1B5C900FA91F5 /* Base64Transcoder.c */; };
		E941B0F11BF1B5D300FA91F5 /* hmac.c in Sources */ = {isa = PBXBuildFile; fileRef = E941B0EF1BF1B5D300FA91F5 /* hmac.c */; };
		E941B0F41BF1B5DD00FA91F5 /* sha1.c in Sources */ = {isa = PBXBuildFile; fileRef = E941B0F21BF1B5DD00FA91F5 /* sha1.c */; };
		E941B0FC1BF1B73C00FA91F5 /* OAuth1Controller.m in Sources */ = {isa = PBXBuildFile; fileRef = E941B0FB1BF1B73C00FA91F5 /* OAuth1Controller.m */; };
		E941B0FF1BF1B7A400FA91F5 /* NSString+URLEncoding.m in Sources */ = {isa = PBXBuildFile; fileRef = E941B0FE1BF1B7A400FA91F5 /* NSString+URLEncoding.m */; };
		E9438F261C1052CF00C4B330 /* MoodTableViewController.m in Sources */ = {isa = PBXBuildFile; fileRef = E9438F251C1052CF00C4B330 /* MoodTableViewController.m */; };
		E9438F411C112C4E00C4B330 /* Mood.m in Sources */ = {isa = PBXBuildFile; fileRef = E9438F3F1C112C4E00C4B330 /* Mood.m */; };
		E9438F441C112EDE00C4B330 /* MoodSelectionTableViewController.m in Sources */ = {isa = PBXBuildFile; fileRef = E9438F431C112EDE00C4B330 /* MoodSelectionTableViewController.m */; };
		E9438F4A1C1136D700C4B330 /* ViewMoodsTableViewController.m in Sources */ = {isa = PBXBuildFile; fileRef = E9438F491C1136D700C4B330 /* ViewMoodsTableViewController.m */; };
		E9438F4D1C151E7E00C4B330 /* MoodGraphViewController.m in Sources */ = {isa = PBXBuildFile; fileRef = E9438F4C1C151E7E00C4B330 /* MoodGraphViewController.m */; };
		E971AD991B9CBE350092F9A8 /* Model.xcdatamodeld in Sources */ = {isa = PBXBuildFile; fileRef = E971AD971B9CBE350092F9A8 /* Model.xcdatamodeld */; };
		E971ADA11B9D24170092F9A8 /* CoreData.framework in Frameworks */ = {isa = PBXBuildFile; fileRef = E971ADA01B9D24170092F9A8 /* CoreData.framework */; };
		E971ADA31B9D241F0092F9A8 /* Foundation.framework in Frameworks */ = {isa = PBXBuildFile; fileRef = E971ADA21B9D241F0092F9A8 /* Foundation.framework */; };
		E971ADA51B9D24280092F9A8 /* UIKit.framework in Frameworks */ = {isa = PBXBuildFile; fileRef = E971ADA41B9D24280092F9A8 /* UIKit.framework */; };
		E97D79041B9BC0D300F6DC79 /* main.m in Sources */ = {isa = PBXBuildFile; fileRef = E97D79031B9BC0D300F6DC79 /* main.m */; };
		E97D79071B9BC0D300F6DC79 /* AppDelegate.m in Sources */ = {isa = PBXBuildFile; fileRef = E97D79061B9BC0D300F6DC79 /* AppDelegate.m */; };
		E97D79101B9BC0D300F6DC79 /* Main.storyboard in Resources */ = {isa = PBXBuildFile; fileRef = E97D790E1B9BC0D300F6DC79 /* Main.storyboard */; };
		E97D79121B9BC0D300F6DC79 /* Images.xcassets in Resources */ = {isa = PBXBuildFile; fileRef = E97D79111B9BC0D300F6DC79 /* Images.xcassets */; };
		E97D79151B9BC0D300F6DC79 /* LaunchScreen.xib in Resources */ = {isa = PBXBuildFile; fileRef = E97D79131B9BC0D300F6DC79 /* LaunchScreen.xib */; };
		E97D79211B9BC0D300F6DC79 /* HealthyMoodTests.m in Sources */ = {isa = PBXBuildFile; fileRef = E97D79201B9BC0D300F6DC79 /* HealthyMoodTests.m */; };
		E97D792F1B9BC19000F6DC79 /* WeightTableViewController.m in Sources */ = {isa = PBXBuildFile; fileRef = E97D792E1B9BC19000F6DC79 /* WeightTableViewController.m */; };
		E97D79321B9BC22700F6DC79 /* AddWeightViewController.m in Sources */ = {isa = PBXBuildFile; fileRef = E97D79311B9BC22700F6DC79 /* AddWeightViewController.m */; };
		E97D79351B9C241900F6DC79 /* WeightTableViewCell.m in Sources */ = {isa = PBXBuildFile; fileRef = E97D79341B9C241900F6DC79 /* WeightTableViewCell.m */; };
		E994D3A41BA9E41800B9AC23 /* Weight.m in Sources */ = {isa = PBXBuildFile; fileRef = E994D3A31BA9E41800B9AC23 /* Weight.m */; };
		E99D7B0A1BB8DAD300CD5480 /* libCorePlot-CocoaTouch.a in Frameworks */ = {isa = PBXBuildFile; fileRef = E99D7B071BB8DA7300CD5480 /* libCorePlot-CocoaTouch.a */; };
		E99D7B0C1BB8DADA00CD5480 /* Accelerate.framework in Frameworks */ = {isa = PBXBuildFile; fileRef = E99D7B0B1BB8DADA00CD5480 /* Accelerate.framework */; };
		E99D7B101BBA2F4100CD5480 /* WeightDataSource.m in Sources */ = {isa = PBXBuildFile; fileRef = E99D7B0F1BBA2F4100CD5480 /* WeightDataSource.m */; };
		E9B75FBB1C1C353F007170AA /* SelectWeightSourceOptionTableViewController.m in Sources */ = {isa = PBXBuildFile; fileRef = E9B75FBA1C1C353F007170AA /* SelectWeightSourceOptionTableViewController.m */; };
		E9BC86801BA1EEC5002177B0 /* SettingsTableViewController.m in Sources */ = {isa = PBXBuildFile; fileRef = E9BC867F1BA1EEC5002177B0 /* SettingsTableViewController.m */; };
		E9D0A2431BF4387800B9A6A1 /* WithingsWeightTableViewCell.m in Sources */ = {isa = PBXBuildFile; fileRef = E9D0A2421BF4387800B9A6A1 /* WithingsWeightTableViewCell.m */; };
		E9D0A2481BF582E400B9A6A1 /* WithingsSelectionTableViewController.m in Sources */ = {isa = PBXBuildFile; fileRef = E9D0A2471BF582E400B9A6A1 /* WithingsSelectionTableViewController.m */; };
		E9D0A24B1BF5896700B9A6A1 /* WithingsWeightGraphViewController.m in Sources */ = {isa = PBXBuildFile; fileRef = E9D0A24A1BF5896700B9A6A1 /* WithingsWeightGraphViewController.m */; };
		E9D0A24E1BFACE0000B9A6A1 /* HealthKit.framework in Frameworks */ = {isa = PBXBuildFile; fileRef = E9D0A24D1BFACE0000B9A6A1 /* HealthKit.framework */; };
		E9D0A2531BFB361F00B9A6A1 /* MeasurementTypeTableViewController.m in Sources */ = {isa = PBXBuildFile; fileRef = E9D0A2521BFB361F00B9A6A1 /* MeasurementTypeTableViewController.m */; };
		E9D0A2561BFB3E3E00B9A6A1 /* ExerciseTableViewController.m in Sources */ = {isa = PBXBuildFile; fileRef = E9D0A2551BFB3E3E00B9A6A1 /* ExerciseTableViewController.m */; };
		E9D0A25B1BFE8C5D00B9A6A1 /* StepsTableViewController.m in Sources */ = {isa = PBXBuildFile; fileRef = E9D0A25A1BFE8C5D00B9A6A1 /* StepsTableViewController.m */; };
		E9F7FBE91BB6BAC3006992FD /* SelectionTableViewController.m in Sources */ = {isa = PBXBuildFile; fileRef = E9F7FBE81BB6BAC3006992FD /* SelectionTableViewController.m */; };
		E9F7FBEC1BB6D4D7006992FD /* WeightGraphViewController.m in Sources */ = {isa = PBXBuildFile; fileRef = E9F7FBEB1BB6D4D7006992FD /* WeightGraphViewController.m */; };
/* End PBXBuildFile section */

/* Begin PBXContainerItemProxy section */
		E97D791B1B9BC0D300F6DC79 /* PBXContainerItemProxy */ = {
			isa = PBXContainerItemProxy;
			containerPortal = E97D78F61B9BC0D300F6DC79 /* Project object */;
			proxyType = 1;
			remoteGlobalIDString = E97D78FD1B9BC0D300F6DC79;
			remoteInfo = HealthyMood;
		};
		E99D7B061BB8DA7300CD5480 /* PBXContainerItemProxy */ = {
			isa = PBXContainerItemProxy;
			containerPortal = E99D7B001BB8DA7300CD5480 /* CorePlot-CocoaTouch.xcodeproj */;
			proxyType = 2;
			remoteGlobalIDString = BC9B83470FB8A0A40035D8DA;
			remoteInfo = "CorePlot-CocoaTouch";
		};
		E99D7B081BB8DACB00CD5480 /* PBXContainerItemProxy */ = {
			isa = PBXContainerItemProxy;
			containerPortal = E99D7B001BB8DA7300CD5480 /* CorePlot-CocoaTouch.xcodeproj */;
			proxyType = 1;
			remoteGlobalIDString = BC9B83460FB8A0A40035D8DA;
			remoteInfo = "CorePlot-CocoaTouch";
		};
/* End PBXContainerItemProxy section */

/* Begin PBXFileReference section */
		E913D0B91C001DD700725EDE /* StepsGraphViewController.h */ = {isa = PBXFileReference; fileEncoding = 4; lastKnownFileType = sourcecode.c.h; path = StepsGraphViewController.h; sourceTree = "<group>"; };
		E913D0BA1C001DD700725EDE /* StepsGraphViewController.m */ = {isa = PBXFileReference; fileEncoding = 4; lastKnownFileType = sourcecode.c.objc; path = StepsGraphViewController.m; sourceTree = "<group>"; };
		E913D0BC1C0BF4FB00725EDE /* MultiGraphViewController.h */ = {isa = PBXFileReference; fileEncoding = 4; lastKnownFileType = sourcecode.c.h; path = MultiGraphViewController.h; sourceTree = "<group>"; };
		E913D0BD1C0BF4FB00725EDE /* MultiGraphViewController.m */ = {isa = PBXFileReference; fileEncoding = 4; lastKnownFileType = sourcecode.c.objc; path = MultiGraphViewController.m; sourceTree = "<group>"; };
		E92E4FCF1BB5B74F0063D774 /* ChooseViewViewController.h */ = {isa = PBXFileReference; fileEncoding = 4; lastKnownFileType = sourcecode.c.h; path = ChooseViewViewController.h; sourceTree = "<group>"; };
		E92E4FD01BB5B74F0063D774 /* ChooseViewViewController.m */ = {isa = PBXFileReference; fileEncoding = 4; lastKnownFileType = sourcecode.c.objc; path = ChooseViewViewController.m; sourceTree = "<group>"; };
		E936FA511BA09C8C002D31AE /* Model 3.xcdatamodel */ = {isa = PBXFileReference; lastKnownFileType = wrapper.xcdatamodel; path = "Model 3.xcdatamodel"; sourceTree = "<group>"; };
		E93A030F1BA5F5D3004E505E /* Model 4.xcdatamodel */ = {isa = PBXFileReference; lastKnownFileType = wrapper.xcdatamodel; path = "Model 4.xcdatamodel"; sourceTree = "<group>"; };
		E93A03161BA5FC46004E505E /* Model 5.xcdatamodel */ = {isa = PBXFileReference; lastKnownFileType = wrapper.xcdatamodel; path = "Model 5.xcdatamodel"; sourceTree = "<group>"; };
		E941B0C61BF192A500FA91F5 /* WeighEntryTypeTableViewController.h */ = {isa = PBXFileReference; fileEncoding = 4; lastKnownFileType = sourcecode.c.h; path = WeighEntryTypeTableViewController.h; sourceTree = "<group>"; };
		E941B0C71BF192A500FA91F5 /* WeighEntryTypeTableViewController.m */ = {isa = PBXFileReference; fileEncoding = 4; lastKnownFileType = sourcecode.c.objc; path = WeighEntryTypeTableViewController.m; sourceTree = "<group>"; };
		E941B0CB1BF19A1200FA91F5 /* LoginWebViewController.h */ = {isa = PBXFileReference; fileEncoding = 4; lastKnownFileType = sourcecode.c.h; path = LoginWebViewController.h; sourceTree = "<group>"; };
		E941B0CC1BF19A1200FA91F5 /* LoginWebViewController.m */ = {isa = PBXFileReference; fileEncoding = 4; lastKnownFileType = sourcecode.c.objc; path = LoginWebViewController.m; sourceTree = "<group>"; };
		E941B0CE1BF19D9600FA91F5 /* WithingsWeightTableViewController.h */ = {isa = PBXFileReference; fileEncoding = 4; lastKnownFileType = sourcecode.c.h; path = WithingsWeightTableViewController.h; sourceTree = "<group>"; };
		E941B0CF1BF19D9600FA91F5 /* WithingsWeightTableViewController.m */ = {isa = PBXFileReference; fileEncoding = 4; lastKnownFileType = sourcecode.c.objc; path = WithingsWeightTableViewController.m; sourceTree = "<group>"; };
		E941B0E31BF1A64000FA91F5 /* Security.framework */ = {isa = PBXFileReference; lastKnownFileType = wrapper.framework; name = Security.framework; path = System/Library/Frameworks/Security.framework; sourceTree = SDKROOT; };
		E941B0EA1BF1B5C900FA91F5 /* Base64Transcoder.c */ = {isa = PBXFileReference; fileEncoding = 4; lastKnownFileType = sourcecode.c.c; path = Base64Transcoder.c; sourceTree = "<group>"; };
		E941B0EB1BF1B5C900FA91F5 /* Base64Transcoder.h */ = {isa = PBXFileReference; fileEncoding = 4; lastKnownFileType = sourcecode.c.h; path = Base64Transcoder.h; sourceTree = "<group>"; };
		E941B0EF1BF1B5D300FA91F5 /* hmac.c */ = {isa = PBXFileReference; fileEncoding = 4; lastKnownFileType = sourcecode.c.c; path = hmac.c; sourceTree = "<group>"; };
		E941B0F01BF1B5D300FA91F5 /* hmac.h */ = {isa = PBXFileReference; fileEncoding = 4; lastKnownFileType = sourcecode.c.h; path = hmac.h; sourceTree = "<group>"; };
		E941B0F21BF1B5DD00FA91F5 /* sha1.c */ = {isa = PBXFileReference; fileEncoding = 4; lastKnownFileType = sourcecode.c.c; path = sha1.c; sourceTree = "<group>"; };
		E941B0F31BF1B5DD00FA91F5 /* sha1.h */ = {isa = PBXFileReference; fileEncoding = 4; lastKnownFileType = sourcecode.c.h; path = sha1.h; sourceTree = "<group>"; };
		E941B0FA1BF1B73C00FA91F5 /* OAuth1Controller.h */ = {isa = PBXFileReference; fileEncoding = 4; lastKnownFileType = sourcecode.c.h; name = OAuth1Controller.h; path = ../OAuth1Controller.h; sourceTree = "<group>"; };
		E941B0FB1BF1B73C00FA91F5 /* OAuth1Controller.m */ = {isa = PBXFileReference; fileEncoding = 4; lastKnownFileType = sourcecode.c.objc; name = OAuth1Controller.m; path = ../OAuth1Controller.m; sourceTree = "<group>"; };
		E941B0FD1BF1B7A400FA91F5 /* NSString+URLEncoding.h */ = {isa = PBXFileReference; fileEncoding = 4; lastKnownFileType = sourcecode.c.h; path = "NSString+URLEncoding.h"; sourceTree = "<group>"; };
		E941B0FE1BF1B7A400FA91F5 /* NSString+URLEncoding.m */ = {isa = PBXFileReference; fileEncoding = 4; lastKnownFileType = sourcecode.c.objc; path = "NSString+URLEncoding.m"; sourceTree = "<group>"; };
		E941B1001BF1B92500FA91F5 /* Simple-OAuth1-Prefix.pch */ = {isa = PBXFileReference; lastKnownFileType = sourcecode.c.h; path = "Simple-OAuth1-Prefix.pch"; sourceTree = "<group>"; };
		E9438F241C1052CF00C4B330 /* MoodTableViewController.h */ = {isa = PBXFileReference; fileEncoding = 4; lastKnownFileType = sourcecode.c.h; name = MoodTableViewController.h; path = ../MoodTableViewController.h; sourceTree = "<group>"; };
		E9438F251C1052CF00C4B330 /* MoodTableViewController.m */ = {isa = PBXFileReference; fileEncoding = 4; lastKnownFileType = sourcecode.c.objc; name = MoodTableViewController.m; path = ../MoodTableViewController.m; sourceTree = "<group>"; };
		E9438F271C10C53000C4B330 /* Model 8.xcdatamodel */ = {isa = PBXFileReference; lastKnownFileType = wrapper.xcdatamodel; path = "Model 8.xcdatamodel"; sourceTree = "<group>"; };
		E9438F341C11281E00C4B330 /* Model 9.xcdatamodel */ = {isa = PBXFileReference; lastKnownFileType = wrapper.xcdatamodel; path = "Model 9.xcdatamodel"; sourceTree = "<group>"; };
		E9438F3B1C112C1100C4B330 /* Model 10.xcdatamodel */ = {isa = PBXFileReference; lastKnownFileType = wrapper.xcdatamodel; path = "Model 10.xcdatamodel"; sourceTree = "<group>"; };
		E9438F3E1C112C4E00C4B330 /* Mood.h */ = {isa = PBXFileReference; fileEncoding = 4; lastKnownFileType = sourcecode.c.h; path = Mood.h; sourceTree = "<group>"; };
		E9438F3F1C112C4E00C4B330 /* Mood.m */ = {isa = PBXFileReference; fileEncoding = 4; lastKnownFileType = sourcecode.c.objc; path = Mood.m; sourceTree = "<group>"; };
		E9438F421C112EDE00C4B330 /* MoodSelectionTableViewController.h */ = {isa = PBXFileReference; fileEncoding = 4; lastKnownFileType = sourcecode.c.h; path = MoodSelectionTableViewController.h; sourceTree = "<group>"; };
		E9438F431C112EDE00C4B330 /* MoodSelectionTableViewController.m */ = {isa = PBXFileReference; fileEncoding = 4; lastKnownFileType = sourcecode.c.objc; path = MoodSelectionTableViewController.m; sourceTree = "<group>"; };
		E9438F481C1136D700C4B330 /* ViewMoodsTableViewController.h */ = {isa = PBXFileReference; fileEncoding = 4; lastKnownFileType = sourcecode.c.h; path = ViewMoodsTableViewController.h; sourceTree = "<group>"; };
		E9438F491C1136D700C4B330 /* ViewMoodsTableViewController.m */ = {isa = PBXFileReference; fileEncoding = 4; lastKnownFileType = sourcecode.c.objc; path = ViewMoodsTableViewController.m; sourceTree = "<group>"; };
		E9438F4B1C151E7E00C4B330 /* MoodGraphViewController.h */ = {isa = PBXFileReference; fileEncoding = 4; lastKnownFileType = sourcecode.c.h; path = MoodGraphViewController.h; sourceTree = "<group>"; };
		E9438F4C1C151E7E00C4B330 /* MoodGraphViewController.m */ = {isa = PBXFileReference; fileEncoding = 4; lastKnownFileType = sourcecode.c.objc; path = MoodGraphViewController.m; sourceTree = "<group>"; };
		E971AD981B9CBE350092F9A8 /* Model.xcdatamodel */ = {isa = PBXFileReference; lastKnownFileType = wrapper.xcdatamodel; path = Model.xcdatamodel; sourceTree = "<group>"; };
		E971ADA01B9D24170092F9A8 /* CoreData.framework */ = {isa = PBXFileReference; lastKnownFileType = wrapper.framework; name = CoreData.framework; path = System/Library/Frameworks/CoreData.framework; sourceTree = SDKROOT; };
		E971ADA21B9D241F0092F9A8 /* Foundation.framework */ = {isa = PBXFileReference; lastKnownFileType = wrapper.framework; name = Foundation.framework; path = System/Library/Frameworks/Foundation.framework; sourceTree = SDKROOT; };
		E971ADA41B9D24280092F9A8 /* UIKit.framework */ = {isa = PBXFileReference; lastKnownFileType = wrapper.framework; name = UIKit.framework; path = System/Library/Frameworks/UIKit.framework; sourceTree = SDKROOT; };
		E971ADA91B9EF0530092F9A8 /* Model 2.xcdatamodel */ = {isa = PBXFileReference; lastKnownFileType = wrapper.xcdatamodel; path = "Model 2.xcdatamodel"; sourceTree = "<group>"; };
		E97D78FE1B9BC0D300F6DC79 /* HealthyMood.app */ = {isa = PBXFileReference; explicitFileType = wrapper.application; includeInIndex = 0; path = HealthyMood.app; sourceTree = BUILT_PRODUCTS_DIR; };
		E97D79021B9BC0D300F6DC79 /* Info.plist */ = {isa = PBXFileReference; lastKnownFileType = text.plist.xml; path = Info.plist; sourceTree = "<group>"; };
		E97D79031B9BC0D300F6DC79 /* main.m */ = {isa = PBXFileReference; lastKnownFileType = sourcecode.c.objc; path = main.m; sourceTree = "<group>"; };
		E97D79051B9BC0D300F6DC79 /* AppDelegate.h */ = {isa = PBXFileReference; lastKnownFileType = sourcecode.c.h; path = AppDelegate.h; sourceTree = "<group>"; };
		E97D79061B9BC0D300F6DC79 /* AppDelegate.m */ = {isa = PBXFileReference; lastKnownFileType = sourcecode.c.objc; path = AppDelegate.m; sourceTree = "<group>"; };
		E97D790F1B9BC0D300F6DC79 /* Base */ = {isa = PBXFileReference; lastKnownFileType = file.storyboard; name = Base; path = Base.lproj/Main.storyboard; sourceTree = "<group>"; };
		E97D79111B9BC0D300F6DC79 /* Images.xcassets */ = {isa = PBXFileReference; lastKnownFileType = folder.assetcatalog; path = Images.xcassets; sourceTree = "<group>"; };
		E97D79141B9BC0D300F6DC79 /* Base */ = {isa = PBXFileReference; lastKnownFileType = file.xib; name = Base; path = Base.lproj/LaunchScreen.xib; sourceTree = "<group>"; };
		E97D791A1B9BC0D300F6DC79 /* HealthyMoodTests.xctest */ = {isa = PBXFileReference; explicitFileType = wrapper.cfbundle; includeInIndex = 0; path = HealthyMoodTests.xctest; sourceTree = BUILT_PRODUCTS_DIR; };
		E97D791F1B9BC0D300F6DC79 /* Info.plist */ = {isa = PBXFileReference; lastKnownFileType = text.plist.xml; path = Info.plist; sourceTree = "<group>"; };
		E97D79201B9BC0D300F6DC79 /* HealthyMoodTests.m */ = {isa = PBXFileReference; lastKnownFileType = sourcecode.c.objc; path = HealthyMoodTests.m; sourceTree = "<group>"; };
		E97D792D1B9BC19000F6DC79 /* WeightTableViewController.h */ = {isa = PBXFileReference; fileEncoding = 4; lastKnownFileType = sourcecode.c.h; path = WeightTableViewController.h; sourceTree = "<group>"; };
		E97D792E1B9BC19000F6DC79 /* WeightTableViewController.m */ = {isa = PBXFileReference; fileEncoding = 4; lastKnownFileType = sourcecode.c.objc; path = WeightTableViewController.m; sourceTree = "<group>"; };
		E97D79301B9BC22700F6DC79 /* AddWeightViewController.h */ = {isa = PBXFileReference; fileEncoding = 4; lastKnownFileType = sourcecode.c.h; path = AddWeightViewController.h; sourceTree = "<group>"; };
		E97D79311B9BC22700F6DC79 /* AddWeightViewController.m */ = {isa = PBXFileReference; fileEncoding = 4; lastKnownFileType = sourcecode.c.objc; path = AddWeightViewController.m; sourceTree = "<group>"; };
		E97D79331B9C241900F6DC79 /* WeightTableViewCell.h */ = {isa = PBXFileReference; fileEncoding = 4; lastKnownFileType = sourcecode.c.h; path = WeightTableViewCell.h; sourceTree = "<group>"; };
		E97D79341B9C241900F6DC79 /* WeightTableViewCell.m */ = {isa = PBXFileReference; fileEncoding = 4; lastKnownFileType = sourcecode.c.objc; path = WeightTableViewCell.m; sourceTree = "<group>"; };
		E994D3A11BA9E3C900B9AC23 /* Model 6.xcdatamodel */ = {isa = PBXFileReference; lastKnownFileType = wrapper.xcdatamodel; path = "Model 6.xcdatamodel"; sourceTree = "<group>"; };
		E994D3A21BA9E41800B9AC23 /* Weight.h */ = {isa = PBXFileReference; fileEncoding = 4; lastKnownFileType = sourcecode.c.h; path = Weight.h; sourceTree = "<group>"; };
		E994D3A31BA9E41800B9AC23 /* Weight.m */ = {isa = PBXFileReference; fileEncoding = 4; lastKnownFileType = sourcecode.c.objc; path = Weight.m; sourceTree = "<group>"; };
		E99D7AF81BB803F400CD5480 /* Model 7.xcdatamodel */ = {isa = PBXFileReference; lastKnownFileType = wrapper.xcdatamodel; path = "Model 7.xcdatamodel"; sourceTree = "<group>"; };
		E99D7B001BB8DA7300CD5480 /* CorePlot-CocoaTouch.xcodeproj */ = {isa = PBXFileReference; lastKnownFileType = "wrapper.pb-project"; name = "CorePlot-CocoaTouch.xcodeproj"; path = "../framework/CorePlot-CocoaTouch.xcodeproj"; sourceTree = "<group>"; };
		E99D7B0B1BB8DADA00CD5480 /* Accelerate.framework */ = {isa = PBXFileReference; lastKnownFileType = wrapper.framework; name = Accelerate.framework; path = System/Library/Frameworks/Accelerate.framework; sourceTree = SDKROOT; };
		E99D7B0E1BBA2F4100CD5480 /* WeightDataSource.h */ = {isa = PBXFileReference; fileEncoding = 4; lastKnownFileType = sourcecode.c.h; path = WeightDataSource.h; sourceTree = "<group>"; };
		E99D7B0F1BBA2F4100CD5480 /* WeightDataSource.m */ = {isa = PBXFileReference; fileEncoding = 4; lastKnownFileType = sourcecode.c.objc; path = WeightDataSource.m; sourceTree = "<group>"; };
		E9B75FB91C1C353F007170AA /* SelectWeightSourceOptionTableViewController.h */ = {isa = PBXFileReference; fileEncoding = 4; lastKnownFileType = sourcecode.c.h; path = SelectWeightSourceOptionTableViewController.h; sourceTree = "<group>"; };
		E9B75FBA1C1C353F007170AA /* SelectWeightSourceOptionTableViewController.m */ = {isa = PBXFileReference; fileEncoding = 4; lastKnownFileType = sourcecode.c.objc; path = SelectWeightSourceOptionTableViewController.m; sourceTree = "<group>"; };
		E9BC867E1BA1EEC5002177B0 /* SettingsTableViewController.h */ = {isa = PBXFileReference; fileEncoding = 4; lastKnownFileType = sourcecode.c.h; path = SettingsTableViewController.h; sourceTree = "<group>"; };
		E9BC867F1BA1EEC5002177B0 /* SettingsTableViewController.m */ = {isa = PBXFileReference; fileEncoding = 4; lastKnownFileType = sourcecode.c.objc; path = SettingsTableViewController.m; sourceTree = "<group>"; };
		E9D0A2411BF4387800B9A6A1 /* WithingsWeightTableViewCell.h */ = {isa = PBXFileReference; fileEncoding = 4; lastKnownFileType = sourcecode.c.h; path = WithingsWeightTableViewCell.h; sourceTree = "<group>"; };
		E9D0A2421BF4387800B9A6A1 /* WithingsWeightTableViewCell.m */ = {isa = PBXFileReference; fileEncoding = 4; lastKnownFileType = sourcecode.c.objc; path = WithingsWeightTableViewCell.m; sourceTree = "<group>"; };
		E9D0A2461BF582E400B9A6A1 /* WithingsSelectionTableViewController.h */ = {isa = PBXFileReference; fileEncoding = 4; lastKnownFileType = sourcecode.c.h; path = WithingsSelectionTableViewController.h; sourceTree = "<group>"; };
		E9D0A2471BF582E400B9A6A1 /* WithingsSelectionTableViewController.m */ = {isa = PBXFileReference; fileEncoding = 4; lastKnownFileType = sourcecode.c.objc; path = WithingsSelectionTableViewController.m; sourceTree = "<group>"; };
		E9D0A2491BF5896700B9A6A1 /* WithingsWeightGraphViewController.h */ = {isa = PBXFileReference; fileEncoding = 4; lastKnownFileType = sourcecode.c.h; path = WithingsWeightGraphViewController.h; sourceTree = "<group>"; };
		E9D0A24A1BF5896700B9A6A1 /* WithingsWeightGraphViewController.m */ = {isa = PBXFileReference; fileEncoding = 4; lastKnownFileType = sourcecode.c.objc; path = WithingsWeightGraphViewController.m; sourceTree = "<group>"; };
		E9D0A24D1BFACE0000B9A6A1 /* HealthKit.framework */ = {isa = PBXFileReference; lastKnownFileType = wrapper.framework; name = HealthKit.framework; path = System/Library/Frameworks/HealthKit.framework; sourceTree = SDKROOT; };
		E9D0A24F1BFACE0000B9A6A1 /* HealthyMood.entitlements */ = {isa = PBXFileReference; lastKnownFileType = text.xml; path = HealthyMood.entitlements; sourceTree = "<group>"; };
		E9D0A2511BFB361F00B9A6A1 /* MeasurementTypeTableViewController.h */ = {isa = PBXFileReference; fileEncoding = 4; lastKnownFileType = sourcecode.c.h; path = MeasurementTypeTableViewController.h; sourceTree = "<group>"; };
		E9D0A2521BFB361F00B9A6A1 /* MeasurementTypeTableViewController.m */ = {isa = PBXFileReference; fileEncoding = 4; lastKnownFileType = sourcecode.c.objc; path = MeasurementTypeTableViewController.m; sourceTree = "<group>"; };
		E9D0A2541BFB3E3E00B9A6A1 /* ExerciseTableViewController.h */ = {isa = PBXFileReference; fileEncoding = 4; lastKnownFileType = sourcecode.c.h; path = ExerciseTableViewController.h; sourceTree = "<group>"; };
		E9D0A2551BFB3E3E00B9A6A1 /* ExerciseTableViewController.m */ = {isa = PBXFileReference; fileEncoding = 4; lastKnownFileType = sourcecode.c.objc; path = ExerciseTableViewController.m; sourceTree = "<group>"; };
		E9D0A2591BFE8C5D00B9A6A1 /* StepsTableViewController.h */ = {isa = PBXFileReference; fileEncoding = 4; lastKnownFileType = sourcecode.c.h; path = StepsTableViewController.h; sourceTree = "<group>"; };
		E9D0A25A1BFE8C5D00B9A6A1 /* StepsTableViewController.m */ = {isa = PBXFileReference; fileEncoding = 4; lastKnownFileType = sourcecode.c.objc; path = StepsTableViewController.m; sourceTree = "<group>"; };
		E9F7FBE71BB6BAC3006992FD /* SelectionTableViewController.h */ = {isa = PBXFileReference; fileEncoding = 4; lastKnownFileType = sourcecode.c.h; path = SelectionTableViewController.h; sourceTree = "<group>"; };
		E9F7FBE81BB6BAC3006992FD /* SelectionTableViewController.m */ = {isa = PBXFileReference; fileEncoding = 4; lastKnownFileType = sourcecode.c.objc; path = SelectionTableViewController.m; sourceTree = "<group>"; };
		E9F7FBEA1BB6D4D7006992FD /* WeightGraphViewController.h */ = {isa = PBXFileReference; fileEncoding = 4; lastKnownFileType = sourcecode.c.h; path = WeightGraphViewController.h; sourceTree = "<group>"; };
		E9F7FBEB1BB6D4D7006992FD /* WeightGraphViewController.m */ = {isa = PBXFileReference; fileEncoding = 4; lastKnownFileType = sourcecode.c.objc; path = WeightGraphViewController.m; sourceTree = "<group>"; };
/* End PBXFileReference section */

/* Begin PBXFrameworksBuildPhase section */
		E97D78FB1B9BC0D300F6DC79 /* Frameworks */ = {
			isa = PBXFrameworksBuildPhase;
			buildActionMask = 2147483647;
			files = (
				E941B0E41BF1A64000FA91F5 /* Security.framework in Frameworks */,
				E99D7B0C1BB8DADA00CD5480 /* Accelerate.framework in Frameworks */,
				E99D7B0A1BB8DAD300CD5480 /* libCorePlot-CocoaTouch.a in Frameworks */,
				E971ADA51B9D24280092F9A8 /* UIKit.framework in Frameworks */,
				E9D0A24E1BFACE0000B9A6A1 /* HealthKit.framework in Frameworks */,
				E971ADA31B9D241F0092F9A8 /* Foundation.framework in Frameworks */,
				E971ADA11B9D24170092F9A8 /* CoreData.framework in Frameworks */,
			);
			runOnlyForDeploymentPostprocessing = 0;
		};
		E97D79171B9BC0D300F6DC79 /* Frameworks */ = {
			isa = PBXFrameworksBuildPhase;
			buildActionMask = 2147483647;
			files = (
			);
			runOnlyForDeploymentPostprocessing = 0;
		};
/* End PBXFrameworksBuildPhase section */

/* Begin PBXGroup section */
		E941B0F81BF1B62800FA91F5 /* oAuth */ = {
			isa = PBXGroup;
			children = (
				E941B0FA1BF1B73C00FA91F5 /* OAuth1Controller.h */,
				E941B0FB1BF1B73C00FA91F5 /* OAuth1Controller.m */,
				E941B0FD1BF1B7A400FA91F5 /* NSString+URLEncoding.h */,
				E941B0FE1BF1B7A400FA91F5 /* NSString+URLEncoding.m */,
				E941B0F91BF1B63700FA91F5 /* Crypto */,
			);
			name = oAuth;
			sourceTree = "<group>";
		};
		E941B0F91BF1B63700FA91F5 /* Crypto */ = {
			isa = PBXGroup;
			children = (
				E941B0EA1BF1B5C900FA91F5 /* Base64Transcoder.c */,
				E941B0EB1BF1B5C900FA91F5 /* Base64Transcoder.h */,
				E941B0EF1BF1B5D300FA91F5 /* hmac.c */,
				E941B0F01BF1B5D300FA91F5 /* hmac.h */,
				E941B0F21BF1B5DD00FA91F5 /* sha1.c */,
				E941B0F31BF1B5DD00FA91F5 /* sha1.h */,
			);
			name = Crypto;
			sourceTree = "<group>";
		};
		E97D78F51B9BC0D300F6DC79 = {
			isa = PBXGroup;
			children = (
				E9D0A24D1BFACE0000B9A6A1 /* HealthKit.framework */,
				E941B0E31BF1A64000FA91F5 /* Security.framework */,
				E99D7B0B1BB8DADA00CD5480 /* Accelerate.framework */,
				E99D7B001BB8DA7300CD5480 /* CorePlot-CocoaTouch.xcodeproj */,
				E971ADA41B9D24280092F9A8 /* UIKit.framework */,
				E971ADA21B9D241F0092F9A8 /* Foundation.framework */,
				E971ADA01B9D24170092F9A8 /* CoreData.framework */,
				E97D79001B9BC0D300F6DC79 /* HealthyMood */,
				E97D791D1B9BC0D300F6DC79 /* HealthyMoodTests */,
				E97D78FF1B9BC0D300F6DC79 /* Products */,
			);
			sourceTree = "<group>";
		};
		E97D78FF1B9BC0D300F6DC79 /* Products */ = {
			isa = PBXGroup;
			children = (
				E97D78FE1B9BC0D300F6DC79 /* HealthyMood.app */,
				E97D791A1B9BC0D300F6DC79 /* HealthyMoodTests.xctest */,
			);
			name = Products;
			sourceTree = "<group>";
		};
		E97D79001B9BC0D300F6DC79 /* HealthyMood */ = {
			isa = PBXGroup;
			children = (
				E9438F3E1C112C4E00C4B330 /* Mood.h */,
				E9438F3F1C112C4E00C4B330 /* Mood.m */,
				E9D0A24F1BFACE0000B9A6A1 /* HealthyMood.entitlements */,
				E92E4FCF1BB5B74F0063D774 /* ChooseViewViewController.h */,
				E92E4FD01BB5B74F0063D774 /* ChooseViewViewController.m */,
				E994D3A21BA9E41800B9AC23 /* Weight.h */,
				E994D3A31BA9E41800B9AC23 /* Weight.m */,
				E97D79051B9BC0D300F6DC79 /* AppDelegate.h */,
				E97D79061B9BC0D300F6DC79 /* AppDelegate.m */,
				E97D790E1B9BC0D300F6DC79 /* Main.storyboard */,
				E9B75FB91C1C353F007170AA /* SelectWeightSourceOptionTableViewController.h */,
				E9B75FBA1C1C353F007170AA /* SelectWeightSourceOptionTableViewController.m */,
				E9438F4B1C151E7E00C4B330 /* MoodGraphViewController.h */,
				E9438F4C1C151E7E00C4B330 /* MoodGraphViewController.m */,
				E9438F481C1136D700C4B330 /* ViewMoodsTableViewController.h */,
				E9438F491C1136D700C4B330 /* ViewMoodsTableViewController.m */,
				E9438F421C112EDE00C4B330 /* MoodSelectionTableViewController.h */,
				E9438F431C112EDE00C4B330 /* MoodSelectionTableViewController.m */,
				E913D0BC1C0BF4FB00725EDE /* MultiGraphViewController.h */,
				E913D0BD1C0BF4FB00725EDE /* MultiGraphViewController.m */,
				E9438F241C1052CF00C4B330 /* MoodTableViewController.h */,
				E9438F251C1052CF00C4B330 /* MoodTableViewController.m */,
				E913D0B91C001DD700725EDE /* StepsGraphViewController.h */,
				E913D0BA1C001DD700725EDE /* StepsGraphViewController.m */,
				E9D0A2591BFE8C5D00B9A6A1 /* StepsTableViewController.h */,
				E9D0A25A1BFE8C5D00B9A6A1 /* StepsTableViewController.m */,
				E9D0A2541BFB3E3E00B9A6A1 /* ExerciseTableViewController.h */,
				E9D0A2551BFB3E3E00B9A6A1 /* ExerciseTableViewController.m */,
				E9D0A2511BFB361F00B9A6A1 /* MeasurementTypeTableViewController.h */,
				E9D0A2521BFB361F00B9A6A1 /* MeasurementTypeTableViewController.m */,
				E9D0A2461BF582E400B9A6A1 /* WithingsSelectionTableViewController.h */,
				E9D0A2471BF582E400B9A6A1 /* WithingsSelectionTableViewController.m */,
				E9D0A2491BF5896700B9A6A1 /* WithingsWeightGraphViewController.h */,
				E9D0A24A1BF5896700B9A6A1 /* WithingsWeightGraphViewController.m */,
				E941B1001BF1B92500FA91F5 /* Simple-OAuth1-Prefix.pch */,
				E941B0CE1BF19D9600FA91F5 /* WithingsWeightTableViewController.h */,
				E941B0CF1BF19D9600FA91F5 /* WithingsWeightTableViewController.m */,
				E941B0C61BF192A500FA91F5 /* WeighEntryTypeTableViewController.h */,
				E941B0C71BF192A500FA91F5 /* WeighEntryTypeTableViewController.m */,
				E941B0CB1BF19A1200FA91F5 /* LoginWebViewController.h */,
				E941B0CC1BF19A1200FA91F5 /* LoginWebViewController.m */,
				E9F7FBEA1BB6D4D7006992FD /* WeightGraphViewController.h */,
				E9F7FBEB1BB6D4D7006992FD /* WeightGraphViewController.m */,
				E99D7B0E1BBA2F4100CD5480 /* WeightDataSource.h */,
				E99D7B0F1BBA2F4100CD5480 /* WeightDataSource.m */,
				E9F7FBE71BB6BAC3006992FD /* SelectionTableViewController.h */,
				E9F7FBE81BB6BAC3006992FD /* SelectionTableViewController.m */,
				E9BC867E1BA1EEC5002177B0 /* SettingsTableViewController.h */,
				E9BC867F1BA1EEC5002177B0 /* SettingsTableViewController.m */,
				E97D792D1B9BC19000F6DC79 /* WeightTableViewController.h */,
				E97D792E1B9BC19000F6DC79 /* WeightTableViewController.m */,
				E941B0F81BF1B62800FA91F5 /* oAuth */,
				E97D79301B9BC22700F6DC79 /* AddWeightViewController.h */,
				E97D79311B9BC22700F6DC79 /* AddWeightViewController.m */,
				E97D79331B9C241900F6DC79 /* WeightTableViewCell.h */,
				E97D79341B9C241900F6DC79 /* WeightTableViewCell.m */,
				E9D0A2411BF4387800B9A6A1 /* WithingsWeightTableViewCell.h */,
				E9D0A2421BF4387800B9A6A1 /* WithingsWeightTableViewCell.m */,
				E97D79111B9BC0D300F6DC79 /* Images.xcassets */,
				E97D79131B9BC0D300F6DC79 /* LaunchScreen.xib */,
				E971AD971B9CBE350092F9A8 /* Model.xcdatamodeld */,
				E97D79011B9BC0D300F6DC79 /* Supporting Files */,
			);
			path = HealthyMood;
			sourceTree = "<group>";
		};
		E97D79011B9BC0D300F6DC79 /* Supporting Files */ = {
			isa = PBXGroup;
			children = (
				E97D79021B9BC0D300F6DC79 /* Info.plist */,
				E97D79031B9BC0D300F6DC79 /* main.m */,
			);
			name = "Supporting Files";
			sourceTree = "<group>";
		};
		E97D791D1B9BC0D300F6DC79 /* HealthyMoodTests */ = {
			isa = PBXGroup;
			children = (
				E97D79201B9BC0D300F6DC79 /* HealthyMoodTests.m */,
				E97D791E1B9BC0D300F6DC79 /* Supporting Files */,
			);
			path = HealthyMoodTests;
			sourceTree = "<group>";
		};
		E97D791E1B9BC0D300F6DC79 /* Supporting Files */ = {
			isa = PBXGroup;
			children = (
				E97D791F1B9BC0D300F6DC79 /* Info.plist */,
			);
			name = "Supporting Files";
			sourceTree = "<group>";
		};
		E99D7B011BB8DA7300CD5480 /* Products */ = {
			isa = PBXGroup;
			children = (
				E99D7B071BB8DA7300CD5480 /* libCorePlot-CocoaTouch.a */,
			);
			name = Products;
			sourceTree = "<group>";
		};
/* End PBXGroup section */

/* Begin PBXNativeTarget section */
		E97D78FD1B9BC0D300F6DC79 /* HealthyMood */ = {
			isa = PBXNativeTarget;
			buildConfigurationList = E97D79241B9BC0D300F6DC79 /* Build configuration list for PBXNativeTarget "HealthyMood" */;
			buildPhases = (
				E97D78FA1B9BC0D300F6DC79 /* Sources */,
				E97D78FB1B9BC0D300F6DC79 /* Frameworks */,
				E97D78FC1B9BC0D300F6DC79 /* Resources */,
			);
			buildRules = (
			);
			dependencies = (
				E99D7B091BB8DACB00CD5480 /* PBXTargetDependency */,
			);
			name = HealthyMood;
			productName = HealthyMood;
			productReference = E97D78FE1B9BC0D300F6DC79 /* HealthyMood.app */;
			productType = "com.apple.product-type.application";
		};
		E97D79191B9BC0D300F6DC79 /* HealthyMoodTests */ = {
			isa = PBXNativeTarget;
			buildConfigurationList = E97D79271B9BC0D300F6DC79 /* Build configuration list for PBXNativeTarget "HealthyMoodTests" */;
			buildPhases = (
				E97D79161B9BC0D300F6DC79 /* Sources */,
				E97D79171B9BC0D300F6DC79 /* Frameworks */,
				E97D79181B9BC0D300F6DC79 /* Resources */,
			);
			buildRules = (
			);
			dependencies = (
				E97D791C1B9BC0D300F6DC79 /* PBXTargetDependency */,
			);
			name = HealthyMoodTests;
			productName = HealthyMoodTests;
			productReference = E97D791A1B9BC0D300F6DC79 /* HealthyMoodTests.xctest */;
			productType = "com.apple.product-type.bundle.unit-test";
		};
/* End PBXNativeTarget section */

/* Begin PBXProject section */
		E97D78F61B9BC0D300F6DC79 /* Project object */ = {
			isa = PBXProject;
			attributes = {
				LastUpgradeCheck = 0700;
				ORGANIZATIONNAME = Ensach;
				TargetAttributes = {
					E97D78FD1B9BC0D300F6DC79 = {
						CreatedOnToolsVersion = 6.4;
						DevelopmentTeam = KJE89MX7B4;
						SystemCapabilities = {
							com.apple.HealthKit = {
								enabled = 1;
							};
						};
					};
					E97D79191B9BC0D300F6DC79 = {
						CreatedOnToolsVersion = 6.4;
						TestTargetID = E97D78FD1B9BC0D300F6DC79;
					};
				};
			};
			buildConfigurationList = E97D78F91B9BC0D300F6DC79 /* Build configuration list for PBXProject "HealthyMood" */;
			compatibilityVersion = "Xcode 3.2";
			developmentRegion = English;
			hasScannedForEncodings = 0;
			knownRegions = (
				en,
				Base,
			);
			mainGroup = E97D78F51B9BC0D300F6DC79;
			productRefGroup = E97D78FF1B9BC0D300F6DC79 /* Products */;
			projectDirPath = "";
			projectReferences = (
				{
					ProductGroup = E99D7B011BB8DA7300CD5480 /* Products */;
					ProjectRef = E99D7B001BB8DA7300CD5480 /* CorePlot-CocoaTouch.xcodeproj */;
				},
			);
			projectRoot = "";
			targets = (
				E97D78FD1B9BC0D300F6DC79 /* HealthyMood */,
				E97D79191B9BC0D300F6DC79 /* HealthyMoodTests */,
			);
		};
/* End PBXProject section */

/* Begin PBXReferenceProxy section */
		E99D7B071BB8DA7300CD5480 /* libCorePlot-CocoaTouch.a */ = {
			isa = PBXReferenceProxy;
			fileType = archive.ar;
			path = "libCorePlot-CocoaTouch.a";
			remoteRef = E99D7B061BB8DA7300CD5480 /* PBXContainerItemProxy */;
			sourceTree = BUILT_PRODUCTS_DIR;
		};
/* End PBXReferenceProxy section */

/* Begin PBXResourcesBuildPhase section */
		E97D78FC1B9BC0D300F6DC79 /* Resources */ = {
			isa = PBXResourcesBuildPhase;
			buildActionMask = 2147483647;
			files = (
				E97D79101B9BC0D300F6DC79 /* Main.storyboard in Resources */,
				E97D79151B9BC0D300F6DC79 /* LaunchScreen.xib in Resources */,
				E97D79121B9BC0D300F6DC79 /* Images.xcassets in Resources */,
			);
			runOnlyForDeploymentPostprocessing = 0;
		};
		E97D79181B9BC0D300F6DC79 /* Resources */ = {
			isa = PBXResourcesBuildPhase;
			buildActionMask = 2147483647;
			files = (
			);
			runOnlyForDeploymentPostprocessing = 0;
		};
/* End PBXResourcesBuildPhase section */

/* Begin PBXSourcesBuildPhase section */
		E97D78FA1B9BC0D300F6DC79 /* Sources */ = {
			isa = PBXSourcesBuildPhase;
			buildActionMask = 2147483647;
			files = (
				E9438F411C112C4E00C4B330 /* Mood.m in Sources */,
				E9BC86801BA1EEC5002177B0 /* SettingsTableViewController.m in Sources */,
				E97D792F1B9BC19000F6DC79 /* WeightTableViewController.m in Sources */,
				E9F7FBEC1BB6D4D7006992FD /* WeightGraphViewController.m in Sources */,
				E9D0A24B1BF5896700B9A6A1 /* WithingsWeightGraphViewController.m in Sources */,
				E9438F4D1C151E7E00C4B330 /* MoodGraphViewController.m in Sources */,
				E97D79071B9BC0D300F6DC79 /* AppDelegate.m in Sources */,
				E99D7B101BBA2F4100CD5480 /* WeightDataSource.m in Sources */,
				E913D0BB1C001DD700725EDE /* StepsGraphViewController.m in Sources */,
				E9D0A2531BFB361F00B9A6A1 /* MeasurementTypeTableViewController.m in Sources */,
				E9D0A25B1BFE8C5D00B9A6A1 /* StepsTableViewController.m in Sources */,
				E941B0FC1BF1B73C00FA91F5 /* OAuth1Controller.m in Sources */,
				E994D3A41BA9E41800B9AC23 /* Weight.m in Sources */,
				E9D0A2431BF4387800B9A6A1 /* WithingsWeightTableViewCell.m in Sources */,
				E941B0C81BF192A500FA91F5 /* WeighEntryTypeTableViewController.m in Sources */,
				E9D0A2561BFB3E3E00B9A6A1 /* ExerciseTableViewController.m in Sources */,
				E97D79351B9C241900F6DC79 /* WeightTableViewCell.m in Sources */,
				E971AD991B9CBE350092F9A8 /* Model.xcdatamodeld in Sources */,
				E941B0FF1BF1B7A400FA91F5 /* NSString+URLEncoding.m in Sources */,
				E941B0CD1BF19A1200FA91F5 /* LoginWebViewController.m in Sources */,
				E9438F441C112EDE00C4B330 /* MoodSelectionTableViewController.m in Sources */,
				E9F7FBE91BB6BAC3006992FD /* SelectionTableViewController.m in Sources */,
				E92E4FD11BB5B74F0063D774 /* ChooseViewViewController.m in Sources */,
				E941B0F41BF1B5DD00FA91F5 /* sha1.c in Sources */,
				E941B0D01BF19D9600FA91F5 /* WithingsWeightTableViewController.m in Sources */,
				E941B0EC1BF1B5C900FA91F5 /* Base64Transcoder.c in Sources */,
				E97D79321B9BC22700F6DC79 /* AddWeightViewController.m in Sources */,
				E941B0F11BF1B5D300FA91F5 /* hmac.c in Sources */,
				E913D0BE1C0BF4FB00725EDE /* MultiGraphViewController.m in Sources */,
				E97D79041B9BC0D300F6DC79 /* main.m in Sources */,
				E9438F4A1C1136D700C4B330 /* ViewMoodsTableViewController.m in Sources */,
				E9438F261C1052CF00C4B330 /* MoodTableViewController.m in Sources */,
				E9D0A2481BF582E400B9A6A1 /* WithingsSelectionTableViewController.m in Sources */,
				E9B75FBB1C1C353F007170AA /* SelectWeightSourceOptionTableViewController.m in Sources */,
			);
			runOnlyForDeploymentPostprocessing = 0;
		};
		E97D79161B9BC0D300F6DC79 /* Sources */ = {
			isa = PBXSourcesBuildPhase;
			buildActionMask = 2147483647;
			files = (
				E97D79211B9BC0D300F6DC79 /* HealthyMoodTests.m in Sources */,
			);
			runOnlyForDeploymentPostprocessing = 0;
		};
/* End PBXSourcesBuildPhase section */

/* Begin PBXTargetDependency section */
		E97D791C1B9BC0D300F6DC79 /* PBXTargetDependency */ = {
			isa = PBXTargetDependency;
			target = E97D78FD1B9BC0D300F6DC79 /* HealthyMood */;
			targetProxy = E97D791B1B9BC0D300F6DC79 /* PBXContainerItemProxy */;
		};
		E99D7B091BB8DACB00CD5480 /* PBXTargetDependency */ = {
			isa = PBXTargetDependency;
			name = "CorePlot-CocoaTouch";
			targetProxy = E99D7B081BB8DACB00CD5480 /* PBXContainerItemProxy */;
		};
/* End PBXTargetDependency section */

/* Begin PBXVariantGroup section */
		E97D790E1B9BC0D300F6DC79 /* Main.storyboard */ = {
			isa = PBXVariantGroup;
			children = (
				E97D790F1B9BC0D300F6DC79 /* Base */,
			);
			name = Main.storyboard;
			sourceTree = "<group>";
		};
		E97D79131B9BC0D300F6DC79 /* LaunchScreen.xib */ = {
			isa = PBXVariantGroup;
			children = (
				E97D79141B9BC0D300F6DC79 /* Base */,
			);
			name = LaunchScreen.xib;
			sourceTree = "<group>";
		};
/* End PBXVariantGroup section */

/* Begin XCBuildConfiguration section */
		E97D79221B9BC0D300F6DC79 /* Debug */ = {
			isa = XCBuildConfiguration;
			buildSettings = {
				ALWAYS_SEARCH_USER_PATHS = NO;
				CLANG_CXX_LANGUAGE_STANDARD = "gnu++0x";
				CLANG_CXX_LIBRARY = "libc++";
				CLANG_ENABLE_MODULES = YES;
				CLANG_ENABLE_OBJC_ARC = YES;
				CLANG_WARN_BOOL_CONVERSION = YES;
				CLANG_WARN_CONSTANT_CONVERSION = YES;
				CLANG_WARN_DIRECT_OBJC_ISA_USAGE = YES_ERROR;
				CLANG_WARN_EMPTY_BODY = YES;
				CLANG_WARN_ENUM_CONVERSION = YES;
				CLANG_WARN_INT_CONVERSION = YES;
				CLANG_WARN_OBJC_ROOT_CLASS = YES_ERROR;
				CLANG_WARN_UNREACHABLE_CODE = YES;
				CLANG_WARN__DUPLICATE_METHOD_MATCH = YES;
				"CODE_SIGN_IDENTITY[sdk=iphoneos*]" = "iPhone Developer";
				COPY_PHASE_STRIP = NO;
				DEBUG_INFORMATION_FORMAT = "dwarf-with-dsym";
				ENABLE_STRICT_OBJC_MSGSEND = YES;
				ENABLE_TESTABILITY = YES;
				GCC_C_LANGUAGE_STANDARD = gnu99;
				GCC_DYNAMIC_NO_PIC = NO;
				GCC_NO_COMMON_BLOCKS = YES;
				GCC_OPTIMIZATION_LEVEL = 0;
				GCC_PREPROCESSOR_DEFINITIONS = (
					"DEBUG=1",
					"$(inherited)",
				);
				GCC_SYMBOLS_PRIVATE_EXTERN = NO;
				GCC_WARN_64_TO_32_BIT_CONVERSION = YES;
				GCC_WARN_ABOUT_RETURN_TYPE = YES_ERROR;
				GCC_WARN_UNDECLARED_SELECTOR = YES;
				GCC_WARN_UNINITIALIZED_AUTOS = YES_AGGRESSIVE;
				GCC_WARN_UNUSED_FUNCTION = YES;
				GCC_WARN_UNUSED_VARIABLE = YES;
				IPHONEOS_DEPLOYMENT_TARGET = 9.1;
				MTL_ENABLE_DEBUG_INFO = YES;
				ONLY_ACTIVE_ARCH = YES;
				SDKROOT = iphoneos;
				TARGETED_DEVICE_FAMILY = "1,2";
			};
			name = Debug;
		};
		E97D79231B9BC0D300F6DC79 /* Release */ = {
			isa = XCBuildConfiguration;
			buildSettings = {
				ALWAYS_SEARCH_USER_PATHS = NO;
				CLANG_CXX_LANGUAGE_STANDARD = "gnu++0x";
				CLANG_CXX_LIBRARY = "libc++";
				CLANG_ENABLE_MODULES = YES;
				CLANG_ENABLE_OBJC_ARC = YES;
				CLANG_WARN_BOOL_CONVERSION = YES;
				CLANG_WARN_CONSTANT_CONVERSION = YES;
				CLANG_WARN_DIRECT_OBJC_ISA_USAGE = YES_ERROR;
				CLANG_WARN_EMPTY_BODY = YES;
				CLANG_WARN_ENUM_CONVERSION = YES;
				CLANG_WARN_INT_CONVERSION = YES;
				CLANG_WARN_OBJC_ROOT_CLASS = YES_ERROR;
				CLANG_WARN_UNREACHABLE_CODE = YES;
				CLANG_WARN__DUPLICATE_METHOD_MATCH = YES;
				"CODE_SIGN_IDENTITY[sdk=iphoneos*]" = "iPhone Developer";
				COPY_PHASE_STRIP = NO;
				DEBUG_INFORMATION_FORMAT = "dwarf-with-dsym";
				ENABLE_NS_ASSERTIONS = NO;
				ENABLE_STRICT_OBJC_MSGSEND = YES;
				GCC_C_LANGUAGE_STANDARD = gnu99;
				GCC_NO_COMMON_BLOCKS = YES;
				GCC_WARN_64_TO_32_BIT_CONVERSION = YES;
				GCC_WARN_ABOUT_RETURN_TYPE = YES_ERROR;
				GCC_WARN_UNDECLARED_SELECTOR = YES;
				GCC_WARN_UNINITIALIZED_AUTOS = YES_AGGRESSIVE;
				GCC_WARN_UNUSED_FUNCTION = YES;
				GCC_WARN_UNUSED_VARIABLE = YES;
				IPHONEOS_DEPLOYMENT_TARGET = 9.1;
				MTL_ENABLE_DEBUG_INFO = NO;
				SDKROOT = iphoneos;
				TARGETED_DEVICE_FAMILY = "1,2";
				VALIDATE_PRODUCT = YES;
			};
			name = Release;
		};
		E97D79251B9BC0D300F6DC79 /* Debug */ = {
			isa = XCBuildConfiguration;
			buildSettings = {
				ASSETCATALOG_COMPILER_APPICON_NAME = AppIcon;
				CODE_SIGN_ENTITLEMENTS = HealthyMood/HealthyMood.entitlements;
				CODE_SIGN_IDENTITY = "iPhone Developer";
				"CODE_SIGN_IDENTITY[sdk=iphoneos*]" = "iPhone Developer";
				HEADER_SEARCH_PATHS = "../framework/**";
				INFOPLIST_FILE = HealthyMood/Info.plist;
				LD_RUNPATH_SEARCH_PATHS = "$(inherited) @executable_path/Frameworks";
				OTHER_LDFLAGS = "-ObjC";
				PRODUCT_BUNDLE_IDENTIFIER = "com.example.$(PRODUCT_NAME:rfc1034identifier)";
				PRODUCT_NAME = "$(TARGET_NAME)";
				PROVISIONING_PROFILE = "";
			};
			name = Debug;
		};
		E97D79261B9BC0D300F6DC79 /* Release */ = {
			isa = XCBuildConfiguration;
			buildSettings = {
				ASSETCATALOG_COMPILER_APPICON_NAME = AppIcon;
				CODE_SIGN_ENTITLEMENTS = HealthyMood/HealthyMood.entitlements;
				CODE_SIGN_IDENTITY = "iPhone Developer";
				"CODE_SIGN_IDENTITY[sdk=iphoneos*]" = "iPhone Developer";
				HEADER_SEARCH_PATHS = "../framework/**";
				INFOPLIST_FILE = HealthyMood/Info.plist;
				LD_RUNPATH_SEARCH_PATHS = "$(inherited) @executable_path/Frameworks";
				OTHER_LDFLAGS = "-ObjC";
				PRODUCT_BUNDLE_IDENTIFIER = "com.example.$(PRODUCT_NAME:rfc1034identifier)";
				PRODUCT_NAME = "$(TARGET_NAME)";
				PROVISIONING_PROFILE = "";
			};
			name = Release;
		};
		E97D79281B9BC0D300F6DC79 /* Debug */ = {
			isa = XCBuildConfiguration;
			buildSettings = {
				BUNDLE_LOADER = "$(TEST_HOST)";
				FRAMEWORK_SEARCH_PATHS = "$(inherited)";
				GCC_PREPROCESSOR_DEFINITIONS = (
					"DEBUG=1",
					"$(inherited)",
				);
				INFOPLIST_FILE = HealthyMoodTests/Info.plist;
				LD_RUNPATH_SEARCH_PATHS = "$(inherited) @executable_path/Frameworks @loader_path/Frameworks";
				PRODUCT_BUNDLE_IDENTIFIER = "com.example.$(PRODUCT_NAME:rfc1034identifier)";
				PRODUCT_NAME = "$(TARGET_NAME)";
				TEST_HOST = "$(BUILT_PRODUCTS_DIR)/HealthyMood.app/HealthyMood";
			};
			name = Debug;
		};
		E97D79291B9BC0D300F6DC79 /* Release */ = {
			isa = XCBuildConfiguration;
			buildSettings = {
				BUNDLE_LOADER = "$(TEST_HOST)";
				FRAMEWORK_SEARCH_PATHS = "$(inherited)";
				INFOPLIST_FILE = HealthyMoodTests/Info.plist;
				LD_RUNPATH_SEARCH_PATHS = "$(inherited) @executable_path/Frameworks @loader_path/Frameworks";
				PRODUCT_BUNDLE_IDENTIFIER = "com.example.$(PRODUCT_NAME:rfc1034identifier)";
				PRODUCT_NAME = "$(TARGET_NAME)";
				TEST_HOST = "$(BUILT_PRODUCTS_DIR)/HealthyMood.app/HealthyMood";
			};
			name = Release;
		};
/* End XCBuildConfiguration section */

/* Begin XCConfigurationList section */
		E97D78F91B9BC0D300F6DC79 /* Build configuration list for PBXProject "HealthyMood" */ = {
			isa = XCConfigurationList;
			buildConfigurations = (
				E97D79221B9BC0D300F6DC79 /* Debug */,
				E97D79231B9BC0D300F6DC79 /* Release */,
			);
			defaultConfigurationIsVisible = 0;
			defaultConfigurationName = Release;
		};
		E97D79241B9BC0D300F6DC79 /* Build configuration list for PBXNativeTarget "HealthyMood" */ = {
			isa = XCConfigurationList;
			buildConfigurations = (
				E97D79251B9BC0D300F6DC79 /* Debug */,
				E97D79261B9BC0D300F6DC79 /* Release */,
			);
			defaultConfigurationIsVisible = 0;
			defaultConfigurationName = Release;
		};
		E97D79271B9BC0D300F6DC79 /* Build configuration list for PBXNativeTarget "HealthyMoodTests" */ = {
			isa = XCConfigurationList;
			buildConfigurations = (
				E97D79281B9BC0D300F6DC79 /* Debug */,
				E97D79291B9BC0D300F6DC79 /* Release */,
			);
			defaultConfigurationIsVisible = 0;
			defaultConfigurationName = Release;
		};
/* End XCConfigurationList section */

/* Begin XCVersionGroup section */
		E971AD971B9CBE350092F9A8 /* Model.xcdatamodeld */ = {
			isa = XCVersionGroup;
			children = (
				E9438F3B1C112C1100C4B330 /* Model 10.xcdatamodel */,
				E9438F341C11281E00C4B330 /* Model 9.xcdatamodel */,
				E9438F271C10C53000C4B330 /* Model 8.xcdatamodel */,
				E99D7AF81BB803F400CD5480 /* Model 7.xcdatamodel */,
				E994D3A11BA9E3C900B9AC23 /* Model 6.xcdatamodel */,
				E93A03161BA5FC46004E505E /* Model 5.xcdatamodel */,
				E93A030F1BA5F5D3004E505E /* Model 4.xcdatamodel */,
				E936FA511BA09C8C002D31AE /* Model 3.xcdatamodel */,
				E971ADA91B9EF0530092F9A8 /* Model 2.xcdatamodel */,
				E971AD981B9CBE350092F9A8 /* Model.xcdatamodel */,
			);
			currentVersion = E9438F3B1C112C1100C4B330 /* Model 10.xcdatamodel */;
			path = Model.xcdatamodeld;
			sourceTree = "<group>";
			versionGroupType = wrapper.xcdatamodel;
		};
/* End XCVersionGroup section */
	};
	rootObject = E97D78F61B9BC0D300F6DC79 /* Project object */;
}
